// !$*UTF8*$!
{
	archiveVersion = 1;
	classes = {
	};
	objectVersion = 50;
	objects = {

/* Begin PBXBuildFile section */
		078E706824E9696B000B064F /* AppDelegate.swift in Sources */ = {isa = PBXBuildFile; fileRef = 078E706724E9696B000B064F /* AppDelegate.swift */; };
		078E706A24E9696B000B064F /* SceneDelegate.swift in Sources */ = {isa = PBXBuildFile; fileRef = 078E706924E9696B000B064F /* SceneDelegate.swift */; };
		078E706C24E9696B000B064F /* ViewController.swift in Sources */ = {isa = PBXBuildFile; fileRef = 078E706B24E9696B000B064F /* ViewController.swift */; };
		078E706F24E9696B000B064F /* Main.storyboard in Resources */ = {isa = PBXBuildFile; fileRef = 078E706D24E9696B000B064F /* Main.storyboard */; };
		078E707124E9696B000B064F /* Assets.xcassets in Resources */ = {isa = PBXBuildFile; fileRef = 078E707024E9696B000B064F /* Assets.xcassets */; };
		078E707424E9696B000B064F /* LaunchScreen.storyboard in Resources */ = {isa = PBXBuildFile; fileRef = 078E707224E9696B000B064F /* LaunchScreen.storyboard */; };
		078E707F24E9696B000B064F /* godanmakuTests.swift in Sources */ = {isa = PBXBuildFile; fileRef = 078E707E24E9696B000B064F /* godanmakuTests.swift */; };
		078E708A24E9696C000B064F /* godanmakuUITests.swift in Sources */ = {isa = PBXBuildFile; fileRef = 078E708924E9696C000B064F /* godanmakuUITests.swift */; };
		078E709924E969C5000B064F /* AudioToolbox.framework in Frameworks */ = {isa = PBXBuildFile; fileRef = 078E709824E969C5000B064F /* AudioToolbox.framework */; };
		078E709B24E969CE000B064F /* GLKit.framework in Frameworks */ = {isa = PBXBuildFile; fileRef = 078E709A24E969CE000B064F /* GLKit.framework */; };
		078E709D24E969D4000B064F /* OpenGLES.framework in Frameworks */ = {isa = PBXBuildFile; fileRef = 078E709C24E969D4000B064F /* OpenGLES.framework */; };
		078E709F24E969DA000B064F /* AVFoundation.framework in Frameworks */ = {isa = PBXBuildFile; fileRef = 078E709E24E969DA000B064F /* AVFoundation.framework */; };
		078E70A124E969E8000B064F /* Mobile.framework in Frameworks */ = {isa = PBXBuildFile; fileRef = 078E70A024E969E8000B064F /* Mobile.framework */; };
		078E70A324E96B7E000B064F /* MobileEbitenViewControllerWithErrorHandling.swift in Sources */ = {isa = PBXBuildFile; fileRef = 078E70A224E96B7E000B064F /* MobileEbitenViewControllerWithErrorHandling.swift */; };
/* End PBXBuildFile section */

/* Begin PBXContainerItemProxy section */
		078E707B24E9696B000B064F /* PBXContainerItemProxy */ = {
			isa = PBXContainerItemProxy;
			containerPortal = 078E705C24E9696B000B064F /* Project object */;
			proxyType = 1;
			remoteGlobalIDString = 078E706324E9696B000B064F;
			remoteInfo = godanmaku;
		};
		078E708624E9696B000B064F /* PBXContainerItemProxy */ = {
			isa = PBXContainerItemProxy;
			containerPortal = 078E705C24E9696B000B064F /* Project object */;
			proxyType = 1;
			remoteGlobalIDString = 078E706324E9696B000B064F;
			remoteInfo = godanmaku;
		};
/* End PBXContainerItemProxy section */

/* Begin PBXFileReference section */
		078E706424E9696B000B064F /* godanmaku.app */ = {isa = PBXFileReference; explicitFileType = wrapper.application; includeInIndex = 0; path = godanmaku.app; sourceTree = BUILT_PRODUCTS_DIR; };
		078E706724E9696B000B064F /* AppDelegate.swift */ = {isa = PBXFileReference; lastKnownFileType = sourcecode.swift; path = AppDelegate.swift; sourceTree = "<group>"; };
		078E706924E9696B000B064F /* SceneDelegate.swift */ = {isa = PBXFileReference; lastKnownFileType = sourcecode.swift; path = SceneDelegate.swift; sourceTree = "<group>"; };
		078E706B24E9696B000B064F /* ViewController.swift */ = {isa = PBXFileReference; lastKnownFileType = sourcecode.swift; path = ViewController.swift; sourceTree = "<group>"; };
		078E706E24E9696B000B064F /* Base */ = {isa = PBXFileReference; lastKnownFileType = file.storyboard; name = Base; path = Base.lproj/Main.storyboard; sourceTree = "<group>"; };
		078E707024E9696B000B064F /* Assets.xcassets */ = {isa = PBXFileReference; lastKnownFileType = folder.assetcatalog; path = Assets.xcassets; sourceTree = "<group>"; };
		078E707324E9696B000B064F /* Base */ = {isa = PBXFileReference; lastKnownFileType = file.storyboard; name = Base; path = Base.lproj/LaunchScreen.storyboard; sourceTree = "<group>"; };
		078E707524E9696B000B064F /* Info.plist */ = {isa = PBXFileReference; lastKnownFileType = text.plist.xml; path = Info.plist; sourceTree = "<group>"; };
		078E707A24E9696B000B064F /* godanmakuTests.xctest */ = {isa = PBXFileReference; explicitFileType = wrapper.cfbundle; includeInIndex = 0; path = godanmakuTests.xctest; sourceTree = BUILT_PRODUCTS_DIR; };
		078E707E24E9696B000B064F /* godanmakuTests.swift */ = {isa = PBXFileReference; lastKnownFileType = sourcecode.swift; path = godanmakuTests.swift; sourceTree = "<group>"; };
		078E708024E9696B000B064F /* Info.plist */ = {isa = PBXFileReference; lastKnownFileType = text.plist.xml; path = Info.plist; sourceTree = "<group>"; };
		078E708524E9696B000B064F /* godanmakuUITests.xctest */ = {isa = PBXFileReference; explicitFileType = wrapper.cfbundle; includeInIndex = 0; path = godanmakuUITests.xctest; sourceTree = BUILT_PRODUCTS_DIR; };
		078E708924E9696C000B064F /* godanmakuUITests.swift */ = {isa = PBXFileReference; lastKnownFileType = sourcecode.swift; path = godanmakuUITests.swift; sourceTree = "<group>"; };
		078E708B24E9696C000B064F /* Info.plist */ = {isa = PBXFileReference; lastKnownFileType = text.plist.xml; path = Info.plist; sourceTree = "<group>"; };
		078E709824E969C5000B064F /* AudioToolbox.framework */ = {isa = PBXFileReference; lastKnownFileType = wrapper.framework; name = AudioToolbox.framework; path = System/Library/Frameworks/AudioToolbox.framework; sourceTree = SDKROOT; };
		078E709A24E969CE000B064F /* GLKit.framework */ = {isa = PBXFileReference; lastKnownFileType = wrapper.framework; name = GLKit.framework; path = System/Library/Frameworks/GLKit.framework; sourceTree = SDKROOT; };
		078E709C24E969D4000B064F /* OpenGLES.framework */ = {isa = PBXFileReference; lastKnownFileType = wrapper.framework; name = OpenGLES.framework; path = System/Library/Frameworks/OpenGLES.framework; sourceTree = SDKROOT; };
		078E709E24E969DA000B064F /* AVFoundation.framework */ = {isa = PBXFileReference; lastKnownFileType = wrapper.framework; name = AVFoundation.framework; path = System/Library/Frameworks/AVFoundation.framework; sourceTree = SDKROOT; };
		078E70A024E969E8000B064F /* Mobile.framework */ = {isa = PBXFileReference; lastKnownFileType = wrapper.framework; path = Mobile.framework; sourceTree = "<group>"; };
		078E70A224E96B7E000B064F /* MobileEbitenViewControllerWithErrorHandling.swift */ = {isa = PBXFileReference; lastKnownFileType = sourcecode.swift; path = MobileEbitenViewControllerWithErrorHandling.swift; sourceTree = "<group>"; };
		078E70A424E96CEA000B064F /* Mobile-Bridging-Header.h */ = {isa = PBXFileReference; lastKnownFileType = sourcecode.c.h; path = "Mobile-Bridging-Header.h"; sourceTree = "<group>"; };
/* End PBXFileReference section */

/* Begin PBXFrameworksBuildPhase section */
		078E706124E9696B000B064F /* Frameworks */ = {
			isa = PBXFrameworksBuildPhase;
			buildActionMask = 2147483647;
			files = (
				078E709924E969C5000B064F /* AudioToolbox.framework in Frameworks */,
				078E709F24E969DA000B064F /* AVFoundation.framework in Frameworks */,
				078E709B24E969CE000B064F /* GLKit.framework in Frameworks */,
				078E709D24E969D4000B064F /* OpenGLES.framework in Frameworks */,
				078E70A124E969E8000B064F /* Mobile.framework in Frameworks */,
			);
			runOnlyForDeploymentPostprocessing = 0;
		};
		078E707724E9696B000B064F /* Frameworks */ = {
			isa = PBXFrameworksBuildPhase;
			buildActionMask = 2147483647;
			files = (
			);
			runOnlyForDeploymentPostprocessing = 0;
		};
		078E708224E9696B000B064F /* Frameworks */ = {
			isa = PBXFrameworksBuildPhase;
			buildActionMask = 2147483647;
			files = (
			);
			runOnlyForDeploymentPostprocessing = 0;
		};
/* End PBXFrameworksBuildPhase section */

/* Begin PBXGroup section */
		078E705B24E9696B000B064F = {
			isa = PBXGroup;
			children = (
				078E706624E9696B000B064F /* godanmaku */,
				078E707D24E9696B000B064F /* godanmakuTests */,
				078E708824E9696B000B064F /* godanmakuUITests */,
				078E706524E9696B000B064F /* Products */,
				078E709724E969C5000B064F /* Frameworks */,
			);
			sourceTree = "<group>";
		};
		078E706524E9696B000B064F /* Products */ = {
			isa = PBXGroup;
			children = (
				078E706424E9696B000B064F /* godanmaku.app */,
				078E707A24E9696B000B064F /* godanmakuTests.xctest */,
				078E708524E9696B000B064F /* godanmakuUITests.xctest */,
			);
			name = Products;
			sourceTree = "<group>";
		};
		078E706624E9696B000B064F /* godanmaku */ = {
			isa = PBXGroup;
			children = (
				078E706724E9696B000B064F /* AppDelegate.swift */,
				078E706924E9696B000B064F /* SceneDelegate.swift */,
				078E706B24E9696B000B064F /* ViewController.swift */,
				078E706D24E9696B000B064F /* Main.storyboard */,
				078E707024E9696B000B064F /* Assets.xcassets */,
				078E707224E9696B000B064F /* LaunchScreen.storyboard */,
				078E707524E9696B000B064F /* Info.plist */,
				078E70A224E96B7E000B064F /* MobileEbitenViewControllerWithErrorHandling.swift */,
				078E70A424E96CEA000B064F /* Mobile-Bridging-Header.h */,
			);
			path = godanmaku;
			sourceTree = "<group>";
		};
		078E707D24E9696B000B064F /* godanmakuTests */ = {
			isa = PBXGroup;
			children = (
				078E707E24E9696B000B064F /* godanmakuTests.swift */,
				078E708024E9696B000B064F /* Info.plist */,
			);
			path = godanmakuTests;
			sourceTree = "<group>";
		};
		078E708824E9696B000B064F /* godanmakuUITests */ = {
			isa = PBXGroup;
			children = (
				078E708924E9696C000B064F /* godanmakuUITests.swift */,
				078E708B24E9696C000B064F /* Info.plist */,
			);
			path = godanmakuUITests;
			sourceTree = "<group>";
		};
		078E709724E969C5000B064F /* Frameworks */ = {
			isa = PBXGroup;
			children = (
				078E70A024E969E8000B064F /* Mobile.framework */,
				078E709E24E969DA000B064F /* AVFoundation.framework */,
				078E709C24E969D4000B064F /* OpenGLES.framework */,
				078E709A24E969CE000B064F /* GLKit.framework */,
				078E709824E969C5000B064F /* AudioToolbox.framework */,
			);
			name = Frameworks;
			sourceTree = "<group>";
		};
/* End PBXGroup section */

/* Begin PBXNativeTarget section */
		078E706324E9696B000B064F /* godanmaku */ = {
			isa = PBXNativeTarget;
			buildConfigurationList = 078E708E24E9696C000B064F /* Build configuration list for PBXNativeTarget "godanmaku" */;
			buildPhases = (
				078E706024E9696B000B064F /* Sources */,
				078E706124E9696B000B064F /* Frameworks */,
				078E706224E9696B000B064F /* Resources */,
			);
			buildRules = (
			);
			dependencies = (
			);
			name = godanmaku;
			productName = godanmaku;
			productReference = 078E706424E9696B000B064F /* godanmaku.app */;
			productType = "com.apple.product-type.application";
		};
		078E707924E9696B000B064F /* godanmakuTests */ = {
			isa = PBXNativeTarget;
			buildConfigurationList = 078E709124E9696C000B064F /* Build configuration list for PBXNativeTarget "godanmakuTests" */;
			buildPhases = (
				078E707624E9696B000B064F /* Sources */,
				078E707724E9696B000B064F /* Frameworks */,
				078E707824E9696B000B064F /* Resources */,
			);
			buildRules = (
			);
			dependencies = (
				078E707C24E9696B000B064F /* PBXTargetDependency */,
			);
			name = godanmakuTests;
			productName = godanmakuTests;
			productReference = 078E707A24E9696B000B064F /* godanmakuTests.xctest */;
			productType = "com.apple.product-type.bundle.unit-test";
		};
		078E708424E9696B000B064F /* godanmakuUITests */ = {
			isa = PBXNativeTarget;
			buildConfigurationList = 078E709424E9696C000B064F /* Build configuration list for PBXNativeTarget "godanmakuUITests" */;
			buildPhases = (
				078E708124E9696B000B064F /* Sources */,
				078E708224E9696B000B064F /* Frameworks */,
				078E708324E9696B000B064F /* Resources */,
			);
			buildRules = (
			);
			dependencies = (
				078E708724E9696B000B064F /* PBXTargetDependency */,
			);
			name = godanmakuUITests;
			productName = godanmakuUITests;
			productReference = 078E708524E9696B000B064F /* godanmakuUITests.xctest */;
			productType = "com.apple.product-type.bundle.ui-testing";
		};
/* End PBXNativeTarget section */

/* Begin PBXProject section */
		078E705C24E9696B000B064F /* Project object */ = {
			isa = PBXProject;
			attributes = {
				LastSwiftUpdateCheck = 1150;
				LastUpgradeCheck = 1150;
				ORGANIZATIONNAME = "Yota Hamada";
				TargetAttributes = {
					078E706324E9696B000B064F = {
						CreatedOnToolsVersion = 11.5;
					};
					078E707924E9696B000B064F = {
						CreatedOnToolsVersion = 11.5;
						TestTargetID = 078E706324E9696B000B064F;
					};
					078E708424E9696B000B064F = {
						CreatedOnToolsVersion = 11.5;
						TestTargetID = 078E706324E9696B000B064F;
					};
				};
			};
			buildConfigurationList = 078E705F24E9696B000B064F /* Build configuration list for PBXProject "godanmaku" */;
			compatibilityVersion = "Xcode 9.3";
			developmentRegion = en;
			hasScannedForEncodings = 0;
			knownRegions = (
				en,
				Base,
			);
			mainGroup = 078E705B24E9696B000B064F;
			productRefGroup = 078E706524E9696B000B064F /* Products */;
			projectDirPath = "";
			projectRoot = "";
			targets = (
				078E706324E9696B000B064F /* godanmaku */,
				078E707924E9696B000B064F /* godanmakuTests */,
				078E708424E9696B000B064F /* godanmakuUITests */,
			);
		};
/* End PBXProject section */

/* Begin PBXResourcesBuildPhase section */
		078E706224E9696B000B064F /* Resources */ = {
			isa = PBXResourcesBuildPhase;
			buildActionMask = 2147483647;
			files = (
				078E707424E9696B000B064F /* LaunchScreen.storyboard in Resources */,
				078E707124E9696B000B064F /* Assets.xcassets in Resources */,
				078E706F24E9696B000B064F /* Main.storyboard in Resources */,
			);
			runOnlyForDeploymentPostprocessing = 0;
		};
		078E707824E9696B000B064F /* Resources */ = {
			isa = PBXResourcesBuildPhase;
			buildActionMask = 2147483647;
			files = (
			);
			runOnlyForDeploymentPostprocessing = 0;
		};
		078E708324E9696B000B064F /* Resources */ = {
			isa = PBXResourcesBuildPhase;
			buildActionMask = 2147483647;
			files = (
			);
			runOnlyForDeploymentPostprocessing = 0;
		};
/* End PBXResourcesBuildPhase section */

/* Begin PBXSourcesBuildPhase section */
		078E706024E9696B000B064F /* Sources */ = {
			isa = PBXSourcesBuildPhase;
			buildActionMask = 2147483647;
			files = (
				078E706C24E9696B000B064F /* ViewController.swift in Sources */,
				078E70A324E96B7E000B064F /* MobileEbitenViewControllerWithErrorHandling.swift in Sources */,
				078E706824E9696B000B064F /* AppDelegate.swift in Sources */,
				078E706A24E9696B000B064F /* SceneDelegate.swift in Sources */,
			);
			runOnlyForDeploymentPostprocessing = 0;
		};
		078E707624E9696B000B064F /* Sources */ = {
			isa = PBXSourcesBuildPhase;
			buildActionMask = 2147483647;
			files = (
				078E707F24E9696B000B064F /* godanmakuTests.swift in Sources */,
			);
			runOnlyForDeploymentPostprocessing = 0;
		};
		078E708124E9696B000B064F /* Sources */ = {
			isa = PBXSourcesBuildPhase;
			buildActionMask = 2147483647;
			files = (
				078E708A24E9696C000B064F /* godanmakuUITests.swift in Sources */,
			);
			runOnlyForDeploymentPostprocessing = 0;
		};
/* End PBXSourcesBuildPhase section */

/* Begin PBXTargetDependency section */
		078E707C24E9696B000B064F /* PBXTargetDependency */ = {
			isa = PBXTargetDependency;
			target = 078E706324E9696B000B064F /* godanmaku */;
			targetProxy = 078E707B24E9696B000B064F /* PBXContainerItemProxy */;
		};
		078E708724E9696B000B064F /* PBXTargetDependency */ = {
			isa = PBXTargetDependency;
			target = 078E706324E9696B000B064F /* godanmaku */;
			targetProxy = 078E708624E9696B000B064F /* PBXContainerItemProxy */;
		};
/* End PBXTargetDependency section */

/* Begin PBXVariantGroup section */
		078E706D24E9696B000B064F /* Main.storyboard */ = {
			isa = PBXVariantGroup;
			children = (
				078E706E24E9696B000B064F /* Base */,
			);
			name = Main.storyboard;
			sourceTree = "<group>";
		};
		078E707224E9696B000B064F /* LaunchScreen.storyboard */ = {
			isa = PBXVariantGroup;
			children = (
				078E707324E9696B000B064F /* Base */,
			);
			name = LaunchScreen.storyboard;
			sourceTree = "<group>";
		};
/* End PBXVariantGroup section */

/* Begin XCBuildConfiguration section */
		078E708C24E9696C000B064F /* Debug */ = {
			isa = XCBuildConfiguration;
			buildSettings = {
				ALWAYS_SEARCH_USER_PATHS = NO;
				CLANG_ANALYZER_NONNULL = YES;
				CLANG_ANALYZER_NUMBER_OBJECT_CONVERSION = YES_AGGRESSIVE;
				CLANG_CXX_LANGUAGE_STANDARD = "gnu++14";
				CLANG_CXX_LIBRARY = "libc++";
				CLANG_ENABLE_MODULES = YES;
				CLANG_ENABLE_OBJC_ARC = YES;
				CLANG_ENABLE_OBJC_WEAK = YES;
				CLANG_WARN_BLOCK_CAPTURE_AUTORELEASING = YES;
				CLANG_WARN_BOOL_CONVERSION = YES;
				CLANG_WARN_COMMA = YES;
				CLANG_WARN_CONSTANT_CONVERSION = YES;
				CLANG_WARN_DEPRECATED_OBJC_IMPLEMENTATIONS = YES;
				CLANG_WARN_DIRECT_OBJC_ISA_USAGE = YES_ERROR;
				CLANG_WARN_DOCUMENTATION_COMMENTS = YES;
				CLANG_WARN_EMPTY_BODY = YES;
				CLANG_WARN_ENUM_CONVERSION = YES;
				CLANG_WARN_INFINITE_RECURSION = YES;
				CLANG_WARN_INT_CONVERSION = YES;
				CLANG_WARN_NON_LITERAL_NULL_CONVERSION = YES;
				CLANG_WARN_OBJC_IMPLICIT_RETAIN_SELF = YES;
				CLANG_WARN_OBJC_LITERAL_CONVERSION = YES;
				CLANG_WARN_OBJC_ROOT_CLASS = YES_ERROR;
				CLANG_WARN_RANGE_LOOP_ANALYSIS = YES;
				CLANG_WARN_STRICT_PROTOTYPES = YES;
				CLANG_WARN_SUSPICIOUS_MOVE = YES;
				CLANG_WARN_UNGUARDED_AVAILABILITY = YES_AGGRESSIVE;
				CLANG_WARN_UNREACHABLE_CODE = YES;
				CLANG_WARN__DUPLICATE_METHOD_MATCH = YES;
				COPY_PHASE_STRIP = NO;
				DEBUG_INFORMATION_FORMAT = dwarf;
				ENABLE_STRICT_OBJC_MSGSEND = YES;
				ENABLE_TESTABILITY = YES;
				GCC_C_LANGUAGE_STANDARD = gnu11;
				GCC_DYNAMIC_NO_PIC = NO;
				GCC_NO_COMMON_BLOCKS = YES;
				GCC_OPTIMIZATION_LEVEL = 0;
				GCC_PREPROCESSOR_DEFINITIONS = (
					"DEBUG=1",
					"$(inherited)",
				);
				GCC_WARN_64_TO_32_BIT_CONVERSION = YES;
				GCC_WARN_ABOUT_RETURN_TYPE = YES_ERROR;
				GCC_WARN_UNDECLARED_SELECTOR = YES;
				GCC_WARN_UNINITIALIZED_AUTOS = YES_AGGRESSIVE;
				GCC_WARN_UNUSED_FUNCTION = YES;
				GCC_WARN_UNUSED_VARIABLE = YES;
				IPHONEOS_DEPLOYMENT_TARGET = 13.5;
				MTL_ENABLE_DEBUG_INFO = INCLUDE_SOURCE;
				MTL_FAST_MATH = YES;
				ONLY_ACTIVE_ARCH = YES;
				SDKROOT = iphoneos;
				SWIFT_ACTIVE_COMPILATION_CONDITIONS = DEBUG;
				SWIFT_OPTIMIZATION_LEVEL = "-Onone";
			};
			name = Debug;
		};
		078E708D24E9696C000B064F /* Release */ = {
			isa = XCBuildConfiguration;
			buildSettings = {
				ALWAYS_SEARCH_USER_PATHS = NO;
				CLANG_ANALYZER_NONNULL = YES;
				CLANG_ANALYZER_NUMBER_OBJECT_CONVERSION = YES_AGGRESSIVE;
				CLANG_CXX_LANGUAGE_STANDARD = "gnu++14";
				CLANG_CXX_LIBRARY = "libc++";
				CLANG_ENABLE_MODULES = YES;
				CLANG_ENABLE_OBJC_ARC = YES;
				CLANG_ENABLE_OBJC_WEAK = YES;
				CLANG_WARN_BLOCK_CAPTURE_AUTORELEASING = YES;
				CLANG_WARN_BOOL_CONVERSION = YES;
				CLANG_WARN_COMMA = YES;
				CLANG_WARN_CONSTANT_CONVERSION = YES;
				CLANG_WARN_DEPRECATED_OBJC_IMPLEMENTATIONS = YES;
				CLANG_WARN_DIRECT_OBJC_ISA_USAGE = YES_ERROR;
				CLANG_WARN_DOCUMENTATION_COMMENTS = YES;
				CLANG_WARN_EMPTY_BODY = YES;
				CLANG_WARN_ENUM_CONVERSION = YES;
				CLANG_WARN_INFINITE_RECURSION = YES;
				CLANG_WARN_INT_CONVERSION = YES;
				CLANG_WARN_NON_LITERAL_NULL_CONVERSION = YES;
				CLANG_WARN_OBJC_IMPLICIT_RETAIN_SELF = YES;
				CLANG_WARN_OBJC_LITERAL_CONVERSION = YES;
				CLANG_WARN_OBJC_ROOT_CLASS = YES_ERROR;
				CLANG_WARN_RANGE_LOOP_ANALYSIS = YES;
				CLANG_WARN_STRICT_PROTOTYPES = YES;
				CLANG_WARN_SUSPICIOUS_MOVE = YES;
				CLANG_WARN_UNGUARDED_AVAILABILITY = YES_AGGRESSIVE;
				CLANG_WARN_UNREACHABLE_CODE = YES;
				CLANG_WARN__DUPLICATE_METHOD_MATCH = YES;
				COPY_PHASE_STRIP = NO;
				DEBUG_INFORMATION_FORMAT = "dwarf-with-dsym";
				ENABLE_NS_ASSERTIONS = NO;
				ENABLE_STRICT_OBJC_MSGSEND = YES;
				GCC_C_LANGUAGE_STANDARD = gnu11;
				GCC_NO_COMMON_BLOCKS = YES;
				GCC_WARN_64_TO_32_BIT_CONVERSION = YES;
				GCC_WARN_ABOUT_RETURN_TYPE = YES_ERROR;
				GCC_WARN_UNDECLARED_SELECTOR = YES;
				GCC_WARN_UNINITIALIZED_AUTOS = YES_AGGRESSIVE;
				GCC_WARN_UNUSED_FUNCTION = YES;
				GCC_WARN_UNUSED_VARIABLE = YES;
				IPHONEOS_DEPLOYMENT_TARGET = 13.5;
				MTL_ENABLE_DEBUG_INFO = NO;
				MTL_FAST_MATH = YES;
				SDKROOT = iphoneos;
				SWIFT_COMPILATION_MODE = wholemodule;
				SWIFT_OPTIMIZATION_LEVEL = "-O";
				VALIDATE_PRODUCT = YES;
			};
			name = Release;
		};
		078E708F24E9696C000B064F /* Debug */ = {
			isa = XCBuildConfiguration;
			buildSettings = {
				ASSETCATALOG_COMPILER_APPICON_NAME = AppIcon;
				CODE_SIGN_STYLE = Automatic;
				DEVELOPMENT_TEAM = R2LCFUU8PZ;
				FRAMEWORK_SEARCH_PATHS = (
					"$(inherited)",
					"$(PROJECT_DIR)",
				);
				INFOPLIST_FILE = godanmaku/Info.plist;
				LD_RUNPATH_SEARCH_PATHS = (
					"$(inherited)",
					"@executable_path/Frameworks",
				);
				PRODUCT_BUNDLE_IDENTIFIER = com.yohamta.godanmaku.godanmaku;
				PRODUCT_NAME = "$(TARGET_NAME)";
				SWIFT_OBJC_BRIDGING_HEADER = "$(SRCROOT)/godanmaku/Mobile-Bridging-Header.h";
				SWIFT_VERSION = 5.0;
				TARGETED_DEVICE_FAMILY = "1,2";
			};
			name = Debug;
		};
		078E709024E9696C000B064F /* Release */ = {
			isa = XCBuildConfiguration;
			buildSettings = {
				ASSETCATALOG_COMPILER_APPICON_NAME = AppIcon;
				CODE_SIGN_STYLE = Automatic;
				DEVELOPMENT_TEAM = R2LCFUU8PZ;
				FRAMEWORK_SEARCH_PATHS = (
					"$(inherited)",
					"$(PROJECT_DIR)",
				);
				INFOPLIST_FILE = godanmaku/Info.plist;
				LD_RUNPATH_SEARCH_PATHS = (
					"$(inherited)",
					"@executable_path/Frameworks",
				);
				PRODUCT_BUNDLE_IDENTIFIER = com.yohamta.godanmaku.godanmaku;
				PRODUCT_NAME = "$(TARGET_NAME)";
				SWIFT_OBJC_BRIDGING_HEADER = "$(SRCROOT)/godanmaku/Mobile-Bridging-Header.h";
				SWIFT_VERSION = 5.0;
				TARGETED_DEVICE_FAMILY = "1,2";
			};
			name = Release;
		};
		078E709224E9696C000B064F /* Debug */ = {
			isa = XCBuildConfiguration;
			buildSettings = {
				ALWAYS_EMBED_SWIFT_STANDARD_LIBRARIES = YES;
				BUNDLE_LOADER = "$(TEST_HOST)";
				CODE_SIGN_STYLE = Automatic;
				DEVELOPMENT_TEAM = R2LCFUU8PZ;
				INFOPLIST_FILE = godanmakuTests/Info.plist;
				IPHONEOS_DEPLOYMENT_TARGET = 13.5;
				LD_RUNPATH_SEARCH_PATHS = (
					"$(inherited)",
					"@executable_path/Frameworks",
					"@loader_path/Frameworks",
				);
				PRODUCT_BUNDLE_IDENTIFIER = com.yohamta.godanmaku.godanmakuTests;
				PRODUCT_NAME = "$(TARGET_NAME)";
				SWIFT_VERSION = 5.0;
				TARGETED_DEVICE_FAMILY = "1,2";
				TEST_HOST = "$(BUILT_PRODUCTS_DIR)/godanmaku.app/godanmaku";
			};
			name = Debug;
		};
		078E709324E9696C000B064F /* Release */ = {
			isa = XCBuildConfiguration;
			buildSettings = {
				ALWAYS_EMBED_SWIFT_STANDARD_LIBRARIES = YES;
				BUNDLE_LOADER = "$(TEST_HOST)";
				CODE_SIGN_STYLE = Automatic;
				DEVELOPMENT_TEAM = R2LCFUU8PZ;
				INFOPLIST_FILE = godanmakuTests/Info.plist;
				IPHONEOS_DEPLOYMENT_TARGET = 13.5;
				LD_RUNPATH_SEARCH_PATHS = (
					"$(inherited)",
					"@executable_path/Frameworks",
					"@loader_path/Frameworks",
				);
				PRODUCT_BUNDLE_IDENTIFIER = com.yohamta.godanmaku.godanmakuTests;
				PRODUCT_NAME = "$(TARGET_NAME)";
				SWIFT_VERSION = 5.0;
				TARGETED_DEVICE_FAMILY = "1,2";
				TEST_HOST = "$(BUILT_PRODUCTS_DIR)/godanmaku.app/godanmaku";
			};
			name = Release;
		};
		078E709524E9696C000B064F /* Debug */ = {
			isa = XCBuildConfiguration;
			buildSettings = {
				ALWAYS_EMBED_SWIFT_STANDARD_LIBRARIES = YES;
				CODE_SIGN_STYLE = Automatic;
				DEVELOPMENT_TEAM = R2LCFUU8PZ;
				INFOPLIST_FILE = godanmakuUITests/Info.plist;
				LD_RUNPATH_SEARCH_PATHS = (
					"$(inherited)",
					"@executable_path/Frameworks",
					"@loader_path/Frameworks",
				);
				PRODUCT_BUNDLE_IDENTIFIER = com.yohamta.godanmaku.godanmakuUITests;
				PRODUCT_NAME = "$(TARGET_NAME)";
				SWIFT_VERSION = 5.0;
				TARGETED_DEVICE_FAMILY = "1,2";
				TEST_TARGET_NAME = godanmaku;
			};
			name = Debug;
		};
		078E709624E9696C000B064F /* Release */ = {
			isa = XCBuildConfiguration;
			buildSettings = {
				ALWAYS_EMBED_SWIFT_STANDARD_LIBRARIES = YES;
				CODE_SIGN_STYLE = Automatic;
				DEVELOPMENT_TEAM = R2LCFUU8PZ;
				INFOPLIST_FILE = godanmakuUITests/Info.plist;
				LD_RUNPATH_SEARCH_PATHS = (
					"$(inherited)",
					"@executable_path/Frameworks",
					"@loader_path/Frameworks",
				);
				PRODUCT_BUNDLE_IDENTIFIER = com.yohamta.godanmaku.godanmakuUITests;
				PRODUCT_NAME = "$(TARGET_NAME)";
				SWIFT_VERSION = 5.0;
				TARGETED_DEVICE_FAMILY = "1,2";
				TEST_TARGET_NAME = godanmaku;
			};
			name = Release;
		};
/* End XCBuildConfiguration section */

/* Begin XCConfigurationList section */
		078E705F24E9696B000B064F /* Build configuration list for PBXProject "godanmaku" */ = {
			isa = XCConfigurationList;
			buildConfigurations = (
				078E708C24E9696C000B064F /* Debug */,
				078E708D24E9696C000B064F /* Release */,
			);
			defaultConfigurationIsVisible = 0;
			defaultConfigurationName = Release;
		};
		078E708E24E9696C000B064F /* Build configuration list for PBXNativeTarget "godanmaku" */ = {
			isa = XCConfigurationList;
			buildConfigurations = (
				078E708F24E9696C000B064F /* Debug */,
				078E709024E9696C000B064F /* Release */,
			);
			defaultConfigurationIsVisible = 0;
			defaultConfigurationName = Release;
		};
		078E709124E9696C000B064F /* Build configuration list for PBXNativeTarget "godanmakuTests" */ = {
			isa = XCConfigurationList;
			buildConfigurations = (
				078E709224E9696C000B064F /* Debug */,
				078E709324E9696C000B064F /* Release */,
			);
			defaultConfigurationIsVisible = 0;
			defaultConfigurationName = Release;
		};
		078E709424E9696C000B064F /* Build configuration list for PBXNativeTarget "godanmakuUITests" */ = {
			isa = XCConfigurationList;
			buildConfigurations = (
				078E709524E9696C000B064F /* Debug */,
				078E709624E9696C000B064F /* Release */,
			);
			defaultConfigurationIsVisible = 0;
			defaultConfigurationName = Release;
		};
/* End XCConfigurationList section */
	};
	rootObject = 078E705C24E9696B000B064F /* Project object */;
}
